# THIS IS AN AUTOGENERATED FILE. DO NOT EDIT THIS FILE DIRECTLY.
# yarn lockfile v1


"@rapid-build-ui/base@^0.0.12":
  version "0.0.12"
  resolved "https://registry.yarnpkg.com/@rapid-build-ui/base/-/base-0.0.12.tgz#e2edef0e065adb9facd9f2778378027841015c8d"
  integrity sha512-rJrrcA9tYv/1Dy33fy7GCJoPgrTjL2XqB3zzgQRlb375sIRWC1qVV3fKbNmnsUVpwHSlvSn3q6fIv6mIfsWV3g==

"@rapid-build-ui/rb-button@^0.0.19":
  version "0.0.19"
  resolved "https://registry.yarnpkg.com/@rapid-build-ui/rb-button/-/rb-button-0.0.19.tgz#dc86ae36e68a35d0e5a6ad504f13db0d75d5ff5d"
  integrity sha512-dEDQXPA1n2js+VKwLZqXSZhE1OEb/dATtOM/t8Z0pT9PeNkoL4lJqWWXAv4G3COhu3DqD+dSoF+ErvPTUHBpIQ==
  dependencies:
    "@rapid-build-ui/base" "^0.0.12"
    "@rapid-build-ui/rb-icon" "^0.0.17"

"@rapid-build-ui/rb-icon@^0.0.17":
  version "0.0.17"
  resolved "https://registry.yarnpkg.com/@rapid-build-ui/rb-icon/-/rb-icon-0.0.17.tgz#b54cb02f0ab6ddd58e7ee9dfbcd1cbcae9cb9dc9"
  integrity sha512-+NyDbKnyFLIe8HdTWld/V2Y3w2WPCT1rsuYcG506DQBKz/7aAA3HA008M+XoX8U7tNQf+a8SVquwUu5tEKpujw==
  dependencies:
    "@rapid-build-ui/base" "^0.0.12"
